{
  "name": "canvas-plugins",
  "version": "1.0.0",
  "lockfileVersion": 3,
  "requires": true,
  "packages": {
    "": {
      "name": "canvas-plugins",
      "version": "1.0.0",
      "license": "ISC",
      "dependencies": {
        "wam-community": "^0.4.9"
      }
    },
    "node_modules/wam-community": {
      "version": "0.4.9",
      "resolved": "https://registry.npmjs.org/wam-community/-/wam-community-0.4.9.tgz",
      "integrity": "sha512-cZLM79DrRCWlloK7FzIcQiMZPsKJS8hiOJJWdYYpzQSeGPacdUmFshWQhp4Mjr/by9+UgpqBjhVG6N8YQoC2hw=="
    }
  }
}
